
Microsoft Visual Studio Solution File, Format Version 12.00
# Visual Studio Version 16
VisualStudioVersion = 16.0.30717.126
MinimumVisualStudioVersion = 10.0.40219.1
Project("{FAE04EC0-301F-11D3-BF4B-00C04F79EFBC}") = "Node_Yer_Degistirme", "Node_Yer_Degistirme\Node_Yer_Degistirme.csproj", "{120AA682-C992-4F1B-9918-2C56E79770FA}"
EndProject
Global
	GlobalSection(SolutionConfigurationPlatforms) = preSolution
		Debug|Any CPU = Debug|Any CPU
		Release|Any CPU = Release|Any CPU
	EndGlobalSection
	GlobalSection(ProjectConfigurationPlatforms) = postSolution
		{120AA682-C992-4F1B-9918-2C56E79770FA}.Debug|Any CPU.ActiveCfg = Debug|Any CPU
		{120AA682-C992-4F1B-9918-2C56E79770FA}.Debug|Any CPU.Build.0 = Debug|Any CPU
		{120AA682-C992-4F1B-9918-2C56E79770FA}.Release|Any CPU.ActiveCfg = Release|Any CPU
		{120AA682-C992-4F1B-9918-2C56E79770FA}.Release|Any CPU.Build.0 = Release|Any CPU
	EndGlobalSection
	GlobalSection(SolutionProperties) = preSolution
		HideSolutionNode = FALSE
	EndGlobalSection
	GlobalSection(ExtensibilityGlobals) = postSolution
		SolutionGuid = {07E122C6-EB5E-4017-8216-879F1ACFEDCA}
	EndGlobalSection
EndGlobal
